
Microsoft Visual Studio Solution File, Format Version 12.00
# Visual Studio Express 2012 for Web
Project("{FAE04EC0-301F-11D3-BF4B-00C04F79EFBC}") = "SticksAndStones", "SticksAndStones\SticksAndStones.csproj", "{F86D09EA-0178-44D6-AC39-D25FAE901B75}"
EndProject
Global
	GlobalSection(SolutionConfigurationPlatforms) = preSolution
		Debug|Any CPU = Debug|Any CPU
		Release|Any CPU = Release|Any CPU
	EndGlobalSection
	GlobalSection(ProjectConfigurationPlatforms) = postSolution
		{F86D09EA-0178-44D6-AC39-D25FAE901B75}.Debug|Any CPU.ActiveCfg = Debug|Any CPU
		{F86D09EA-0178-44D6-AC39-D25FAE901B75}.Debug|Any CPU.Build.0 = Debug|Any CPU
		{F86D09EA-0178-44D6-AC39-D25FAE901B75}.Release|Any CPU.ActiveCfg = Release|Any CPU
		{F86D09EA-0178-44D6-AC39-D25FAE901B75}.Release|Any CPU.Build.0 = Release|Any CPU
	EndGlobalSection
	GlobalSection(SolutionProperties) = preSolution
		HideSolutionNode = FALSE
	EndGlobalSection
EndGlobal
